
Microsoft Visual Studio Solution File, Format Version 12.00
# Visual Studio Version 17
VisualStudioVersion = 17.4.33213.308
MinimumVisualStudioVersion = 10.0.40219.1
Project("{FAE04EC0-301F-11D3-BF4B-00C04F79EFBC}") = "CabArcEmu", "CabArcEmu\CabArcEmu.csproj", "{5F729A60-2DA5-4745-A481-BCF8FB4B92BA}"
EndProject
Global
	GlobalSection(SolutionConfigurationPlatforms) = preSolution
		Debug|Any CPU = Debug|Any CPU
		Release|Any CPU = Release|Any CPU
	EndGlobalSection
	GlobalSection(ProjectConfigurationPlatforms) = postSolution
		{5F729A60-2DA5-4745-A481-BCF8FB4B92BA}.Debug|Any CPU.ActiveCfg = Debug|Any CPU
		{5F729A60-2DA5-4745-A481-BCF8FB4B92BA}.Debug|Any CPU.Build.0 = Debug|Any CPU
		{5F729A60-2DA5-4745-A481-BCF8FB4B92BA}.Release|Any CPU.ActiveCfg = Release|Any CPU
		{5F729A60-2DA5-4745-A481-BCF8FB4B92BA}.Release|Any CPU.Build.0 = Release|Any CPU
	EndGlobalSection
	GlobalSection(SolutionProperties) = preSolution
		HideSolutionNode = FALSE
	EndGlobalSection
	GlobalSection(ExtensibilityGlobals) = postSolution
		SolutionGuid = {B783D636-D765-405B-8267-F7E7F59127CF}
	EndGlobalSection
EndGlobal
